// !$*UTF8*$!
{
	archiveVersion = 1;
	classes = {
	};
	objectVersion = 46;
	objects = {

/* Begin PBXBuildFile section */
		AE8D8AA11E28C8C000C42CB1 /* AppDelegate.swift in Sources */ = {isa = PBXBuildFile; fileRef = AE8D8AA01E28C8C000C42CB1 /* AppDelegate.swift */; };
		AE8D8AA31E28C8C000C42CB1 /* ViewController.swift in Sources */ = {isa = PBXBuildFile; fileRef = AE8D8AA21E28C8C000C42CB1 /* ViewController.swift */; };
		AE8D8AA61E28C8C000C42CB1 /* Main.storyboard in Resources */ = {isa = PBXBuildFile; fileRef = AE8D8AA41E28C8C000C42CB1 /* Main.storyboard */; };
		AE8D8AA81E28C8C000C42CB1 /* Assets.xcassets in Resources */ = {isa = PBXBuildFile; fileRef = AE8D8AA71E28C8C000C42CB1 /* Assets.xcassets */; };
		AE8D8AAB1E28C8C000C42CB1 /* LaunchScreen.storyboard in Resources */ = {isa = PBXBuildFile; fileRef = AE8D8AA91E28C8C000C42CB1 /* LaunchScreen.storyboard */; };
/* End PBXBuildFile section */

/* Begin PBXFileReference section */
		AE8D8A9D1E28C8C000C42CB1 /* DGPaginableBehavior.app */ = {isa = PBXFileReference; explicitFileType = wrapper.application; includeInIndex = 0; path = DGPaginableBehavior.app; sourceTree = BUILT_PRODUCTS_DIR; };
		AE8D8AA01E28C8C000C42CB1 /* AppDelegate.swift */ = {isa = PBXFileReference; lastKnownFileType = sourcecode.swift; path = AppDelegate.swift; sourceTree = "<group>"; };
		AE8D8AA21E28C8C000C42CB1 /* ViewController.swift */ = {isa = PBXFileReference; lastKnownFileType = sourcecode.swift; path = ViewController.swift; sourceTree = "<group>"; };
		AE8D8AA51E28C8C000C42CB1 /* Base */ = {isa = PBXFileReference; lastKnownFileType = file.storyboard; name = Base; path = Base.lproj/Main.storyboard; sourceTree = "<group>"; };
		AE8D8AA71E28C8C000C42CB1 /* Assets.xcassets */ = {isa = PBXFileReference; lastKnownFileType = folder.assetcatalog; path = Assets.xcassets; sourceTree = "<group>"; };
		AE8D8AAA1E28C8C000C42CB1 /* Base */ = {isa = PBXFileReference; lastKnownFileType = file.storyboard; name = Base; path = Base.lproj/LaunchScreen.storyboard; sourceTree = "<group>"; };
		AE8D8AAC1E28C8C000C42CB1 /* Info.plist */ = {isa = PBXFileReference; lastKnownFileType = text.plist.xml; path = Info.plist; sourceTree = "<group>"; };
/* End PBXFileReference section */

/* Begin PBXFrameworksBuildPhase section */
		AE8D8A9A1E28C8C000C42CB1 /* Frameworks */ = {
			isa = PBXFrameworksBuildPhase;
			buildActionMask = 2147483647;
			files = (
			);
			runOnlyForDeploymentPostprocessing = 0;
		};
/* End PBXFrameworksBuildPhase section */

/* Begin PBXGroup section */
		AE8D8A941E28C8C000C42CB1 = {
			isa = PBXGroup;
			children = (
				AE8D8A9F1E28C8C000C42CB1 /* DGPaginableBehavior */,
				AE8D8A9E1E28C8C000C42CB1 /* Products */,
			);
			sourceTree = "<group>";
		};
		AE8D8A9E1E28C8C000C42CB1 /* Products */ = {
			isa = PBXGroup;
			children = (
				AE8D8A9D1E28C8C000C42CB1 /* DGPaginableBehavior.app */,
			);
			name = Products;
			sourceTree = "<group>";
		};
		AE8D8A9F1E28C8C000C42CB1 /* DGPaginableBehavior */ = {
			isa = PBXGroup;
			children = (
				AE8D8AA01E28C8C000C42CB1 /* AppDelegate.swift */,
				AE8D8AA21E28C8C000C42CB1 /* ViewController.swift */,
				AE8D8AA41E28C8C000C42CB1 /* Main.storyboard */,
				AE8D8AA71E28C8C000C42CB1 /* Assets.xcassets */,
				AE8D8AA91E28C8C000C42CB1 /* LaunchScreen.storyboard */,
				AE8D8AAC1E28C8C000C42CB1 /* Info.plist */,
			);
			path = DGPaginableBehavior;
			sourceTree = "<group>";
		};
/* End PBXGroup section */

/* Begin PBXNativeTarget section */
		AE8D8A9C1E28C8C000C42CB1 /* DGPaginableBehavior */ = {
			isa = PBXNativeTarget;
			buildConfigurationList = AE8D8AAF1E28C8C000C42CB1 /* Build configuration list for PBXNativeTarget "DGPaginableBehavior" */;
			buildPhases = (
				AE8D8A991E28C8C000C42CB1 /* Sources */,
				AE8D8A9A1E28C8C000C42CB1 /* Frameworks */,
				AE8D8A9B1E28C8C000C42CB1 /* Resources */,
			);
			buildRules = (
			);
			dependencies = (
			);
			name = DGPaginableBehavior;
			productName = DGPaginableBehavior;
			productReference = AE8D8A9D1E28C8C000C42CB1 /* DGPaginableBehavior.app */;
			productType = "com.apple.product-type.application";
		};
/* End PBXNativeTarget section */

/* Begin PBXProject section */
		AE8D8A951E28C8C000C42CB1 /* Project object */ = {
			isa = PBXProject;
			attributes = {
				LastSwiftUpdateCheck = 0820;
				LastUpgradeCheck = 0820;
				ORGANIZATIONNAME = Digipolitan;
				TargetAttributes = {
					AE8D8A9C1E28C8C000C42CB1 = {
						CreatedOnToolsVersion = 8.2.1;
						DevelopmentTeam = 582762VK3P;
						ProvisioningStyle = Automatic;
					};
				};
			};
			buildConfigurationList = AE8D8A981E28C8C000C42CB1 /* Build configuration list for PBXProject "DGPaginableBehavior" */;
			compatibilityVersion = "Xcode 3.2";
			developmentRegion = English;
			hasScannedForEncodings = 0;
			knownRegions = (
				en,
				Base,
			);
			mainGroup = AE8D8A941E28C8C000C42CB1;
			productRefGroup = AE8D8A9E1E28C8C000C42CB1 /* Products */;
			projectDirPath = "";
			projectRoot = "";
			targets = (
				AE8D8A9C1E28C8C000C42CB1 /* DGPaginableBehavior */,
			);
		};
/* End PBXProject section */

/* Begin PBXResourcesBuildPhase section */
		AE8D8A9B1E28C8C000C42CB1 /* Resources */ = {
			isa = PBXResourcesBuildPhase;
			buildActionMask = 2147483647;
			files = (
				AE8D8AAB1E28C8C000C42CB1 /* LaunchScreen.storyboard in Resources */,
				AE8D8AA81E28C8C000C42CB1 /* Assets.xcassets in Resources */,
				AE8D8AA61E28C8C000C42CB1 /* Main.storyboard in Resources */,
			);
			runOnlyForDeploymentPostprocessing = 0;
		};
/* End PBXResourcesBuildPhase section */

/* Begin PBXSourcesBuildPhase section */
		AE8D8A991E28C8C000C42CB1 /* Sources */ = {
			isa = PBXSourcesBuildPhase;
			buildActionMask = 2147483647;
			files = (
				AE8D8AA31E28C8C000C42CB1 /* ViewController.swift in Sources */,
				AE8D8AA11E28C8C000C42CB1 /* AppDelegate.swift in Sources */,
			);
			runOnlyForDeploymentPostprocessing = 0;
		};
/* End PBXSourcesBuildPhase section */

/* Begin PBXVariantGroup section */
		AE8D8AA41E28C8C000C42CB1 /* Main.storyboard */ = {
			isa = PBXVariantGroup;
			children = (
				AE8D8AA51E28C8C000C42CB1 /* Base */,
			);
			name = Main.storyboard;
			sourceTree = "<group>";
		};
		AE8D8AA91E28C8C000C42CB1 /* LaunchScreen.storyboard */ = {
			isa = PBXVariantGroup;
			children = (
				AE8D8AAA1E28C8C000C42CB1 /* Base */,
			);
			name = LaunchScreen.storyboard;
			sourceTree = "<group>";
		};
/* End PBXVariantGroup section */

/* Begin XCBuildConfiguration section */
		AE8D8AAD1E28C8C000C42CB1 /* Debug */ = {
			isa = XCBuildConfiguration;
			buildSettings = {
				ALWAYS_SEARCH_USER_PATHS = NO;
				CLANG_ANALYZER_NONNULL = YES;
				CLANG_CXX_LANGUAGE_STANDARD = "gnu++0x";
				CLANG_CXX_LIBRARY = "libc++";
				CLANG_ENABLE_MODULES = YES;
				CLANG_ENABLE_OBJC_ARC = YES;
				CLANG_WARN_BOOL_CONVERSION = YES;
				CLANG_WARN_CONSTANT_CONVERSION = YES;
				CLANG_WARN_DIRECT_OBJC_ISA_USAGE = YES_ERROR;
				CLANG_WARN_DOCUMENTATION_COMMENTS = YES;
				CLANG_WARN_EMPTY_BODY = YES;
				CLANG_WARN_ENUM_CONVERSION = YES;
				CLANG_WARN_INFINITE_RECURSION = YES;
				CLANG_WARN_INT_CONVERSION = YES;
				CLANG_WARN_OBJC_ROOT_CLASS = YES_ERROR;
				CLANG_WARN_SUSPICIOUS_MOVE = YES;
				CLANG_WARN_UNREACHABLE_CODE = YES;
				CLANG_WARN__DUPLICATE_METHOD_MATCH = YES;
				"CODE_SIGN_IDENTITY[sdk=iphoneos*]" = "iPhone Developer";
				COPY_PHASE_STRIP = NO;
				DEBUG_INFORMATION_FORMAT = dwarf;
				ENABLE_STRICT_OBJC_MSGSEND = YES;
				ENABLE_TESTABILITY = YES;
				GCC_C_LANGUAGE_STANDARD = gnu99;
				GCC_DYNAMIC_NO_PIC = NO;
				GCC_NO_COMMON_BLOCKS = YES;
				GCC_OPTIMIZATION_LEVEL = 0;
				GCC_PREPROCESSOR_DEFINITIONS = (
					"DEBUG=1",
					"$(inherited)",
				);
				GCC_WARN_64_TO_32_BIT_CONVERSION = YES;
				GCC_WARN_ABOUT_RETURN_TYPE = YES_ERROR;
				GCC_WARN_UNDECLARED_SELECTOR = YES;
				GCC_WARN_UNINITIALIZED_AUTOS = YES_AGGRESSIVE;
				GCC_WARN_UNUSED_FUNCTION = YES;
				GCC_WARN_UNUSED_VARIABLE = YES;
				IPHONEOS_DEPLOYMENT_TARGET = 10.2;
				MTL_ENABLE_DEBUG_INFO = YES;
				ONLY_ACTIVE_ARCH = YES;
				SDKROOT = iphoneos;
				SWIFT_ACTIVE_COMPILATION_CONDITIONS = DEBUG;
				SWIFT_OPTIMIZATION_LEVEL = "-Onone";
				TARGETED_DEVICE_FAMILY = "1,2";
			};
			name = Debug;
		};
		AE8D8AAE1E28C8C000C42CB1 /* Release */ = {
			isa = XCBuildConfiguration;
			buildSettings = {
				ALWAYS_SEARCH_USER_PATHS = NO;
				CLANG_ANALYZER_NONNULL = YES;
				CLANG_CXX_LANGUAGE_STANDARD = "gnu++0x";
				CLANG_CXX_LIBRARY = "libc++";
				CLANG_ENABLE_MODULES = YES;
				CLANG_ENABLE_OBJC_ARC = YES;
				CLANG_WARN_BOOL_CONVERSION = YES;
				CLANG_WARN_CONSTANT_CONVERSION = YES;
				CLANG_WARN_DIRECT_OBJC_ISA_USAGE = YES_ERROR;
				CLANG_WARN_DOCUMENTATION_COMMENTS = YES;
				CLANG_WARN_EMPTY_BODY = YES;
				CLANG_WARN_ENUM_CONVERSION = YES;
				CLANG_WARN_INFINITE_RECURSION = YES;
				CLANG_WARN_INT_CONVERSION = YES;
				CLANG_WARN_OBJC_ROOT_CLASS = YES_ERROR;
				CLANG_WARN_SUSPICIOUS_MOVE = YES;
				CLANG_WARN_UNREACHABLE_CODE = YES;
				CLANG_WARN__DUPLICATE_METHOD_MATCH = YES;
				"CODE_SIGN_IDENTITY[sdk=iphoneos*]" = "iPhone Developer";
				COPY_PHASE_STRIP = NO;
				DEBUG_INFORMATION_FORMAT = "dwarf-with-dsym";
				ENABLE_NS_ASSERTIONS = NO;
				ENABLE_STRICT_OBJC_MSGSEND = YES;
				GCC_C_LANGUAGE_STANDARD = gnu99;
				GCC_NO_COMMON_BLOCKS = YES;
				GCC_WARN_64_TO_32_BIT_CONVERSION = YES;
				GCC_WARN_ABOUT_RETURN_TYPE = YES_ERROR;
				GCC_WARN_UNDECLARED_SELECTOR = YES;
				GCC_WARN_UNINITIALIZED_AUTOS = YES_AGGRESSIVE;
				GCC_WARN_UNUSED_FUNCTION = YES;
				GCC_WARN_UNUSED_VARIABLE = YES;
				IPHONEOS_DEPLOYMENT_TARGET = 10.2;
				MTL_ENABLE_DEBUG_INFO = NO;
				SDKROOT = iphoneos;
				SWIFT_OPTIMIZATION_LEVEL = "-Owholemodule";
				TARGETED_DEVICE_FAMILY = "1,2";
				VALIDATE_PRODUCT = YES;
			};
			name = Release;
		};
		AE8D8AB01E28C8C000C42CB1 /* Debug */ = {
			isa = XCBuildConfiguration;
			buildSettings = {
				ASSETCATALOG_COMPILER_APPICON_NAME = AppIcon;
				DEVELOPMENT_TEAM = 582762VK3P;
				INFOPLIST_FILE = DGPaginableBehavior/Info.plist;
				LD_RUNPATH_SEARCH_PATHS = "$(inherited) @executable_path/Frameworks";
				PRODUCT_BUNDLE_IDENTIFIER = com.digipolitan.paginableBehavior.DGPaginableBehavior;
				PRODUCT_NAME = "$(TARGET_NAME)";
				SWIFT_VERSION = 3.0;
			};
			name = Debug;
		};
		AE8D8AB11E28C8C000C42CB1 /* Release */ = {
			isa = XCBuildConfiguration;
			buildSettings = {
				ASSETCATALOG_COMPILER_APPICON_NAME = AppIcon;
				DEVELOPMENT_TEAM = 582762VK3P;
				INFOPLIST_FILE = DGPaginableBehavior/Info.plist;
				LD_RUNPATH_SEARCH_PATHS = "$(inherited) @executable_path/Frameworks";
				PRODUCT_BUNDLE_IDENTIFIER = com.digipolitan.paginableBehavior.DGPaginableBehavior;
				PRODUCT_NAME = "$(TARGET_NAME)";
				SWIFT_VERSION = 3.0;
			};
			name = Release;
		};
/* End XCBuildConfiguration section */

/* Begin XCConfigurationList section */
		AE8D8A981E28C8C000C42CB1 /* Build configuration list for PBXProject "DGPaginableBehavior" */ = {
			isa = XCConfigurationList;
			buildConfigurations = (
				AE8D8AAD1E28C8C000C42CB1 /* Debug */,
				AE8D8AAE1E28C8C000C42CB1 /* Release */,
			);
			defaultConfigurationIsVisible = 0;
			defaultConfigurationName = Release;
		};
		AE8D8AAF1E28C8C000C42CB1 /* Build configuration list for PBXNativeTarget "DGPaginableBehavior" */ = {
			isa = XCConfigurationList;
			buildConfigurations = (
				AE8D8AB01E28C8C000C42CB1 /* Debug */,
				AE8D8AB11E28C8C000C42CB1 /* Release */,
			);
			defaultConfigurationIsVisible = 0;
		};
/* End XCConfigurationList section */
	};
	rootObject = AE8D8A951E28C8C000C42CB1 /* Project object */;
}
