// !$*UTF8*$!
{
	archiveVersion = 1;
	classes = {
	};
	objectVersion = 46;
	objects = {

/* Begin PBXBuildFile section */
		4BC6868BA8832E8A083E9ECE /* Pods_Samples_DGPaginableBehaviorSample_iOS.framework in Frameworks */ = {isa = PBXBuildFile; fileRef = 8971F06C0506E7C4223846C3 /* Pods_Samples_DGPaginableBehaviorSample_iOS.framework */; };
		A30D63F21E0D717E00A3CE45 /* AppDelegate.swift in Sources */ = {isa = PBXBuildFile; fileRef = A30D63F11E0D717E00A3CE45 /* AppDelegate.swift */; };
		A30D63F91E0D717E00A3CE45 /* Assets.xcassets in Resources */ = {isa = PBXBuildFile; fileRef = A30D63F81E0D717E00A3CE45 /* Assets.xcassets */; };
		A30D63FC1E0D717E00A3CE45 /* LaunchScreen.storyboard in Resources */ = {isa = PBXBuildFile; fileRef = A30D63FA1E0D717E00A3CE45 /* LaunchScreen.storyboard */; };
		A30D640A1E0D71CB00A3CE45 /* DGPaginableBehavior.framework in Frameworks */ = {isa = PBXBuildFile; fileRef = A30D64091E0D71CB00A3CE45 /* DGPaginableBehavior.framework */; };
		A30D640B1E0D71CB00A3CE45 /* DGPaginableBehavior.framework in Embed Frameworks */ = {isa = PBXBuildFile; fileRef = A30D64091E0D71CB00A3CE45 /* DGPaginableBehavior.framework */; settings = {ATTRIBUTES = (CodeSignOnCopy, RemoveHeadersOnCopy, ); }; };
		A30D640F1E0D73B300A3CE45 /* OriginalViewController.swift in Sources */ = {isa = PBXBuildFile; fileRef = A30D640D1E0D73B300A3CE45 /* OriginalViewController.swift */; };
		AE6381671E29398E00EC53A4 /* Main.storyboard in Resources */ = {isa = PBXBuildFile; fileRef = AE6381661E29398E00EC53A4 /* Main.storyboard */; };
		AE8D8ABB1E28FAE000C42CB1 /* ReusableView.xib in Resources */ = {isa = PBXBuildFile; fileRef = AE8D8AB41E28FAE000C42CB1 /* ReusableView.xib */; };
		AE8D8ABC1E28FAE000C42CB1 /* LoadingItemCell.swift in Sources */ = {isa = PBXBuildFile; fileRef = AE8D8AB51E28FAE000C42CB1 /* LoadingItemCell.swift */; };
		AE8D8ABD1E28FAE000C42CB1 /* LoadingItemCell.xib in Resources */ = {isa = PBXBuildFile; fileRef = AE8D8AB61E28FAE000C42CB1 /* LoadingItemCell.xib */; };
		AE8D8ABE1E28FAE000C42CB1 /* ReusableView.swift in Sources */ = {isa = PBXBuildFile; fileRef = AE8D8AB71E28FAE000C42CB1 /* ReusableView.swift */; };
		AE8D8ABF1E28FAE000C42CB1 /* User.swift in Sources */ = {isa = PBXBuildFile; fileRef = AE8D8AB81E28FAE000C42CB1 /* User.swift */; };
		AE8D8AC01E28FAE000C42CB1 /* UserItemCell.swift in Sources */ = {isa = PBXBuildFile; fileRef = AE8D8AB91E28FAE000C42CB1 /* UserItemCell.swift */; };
		AE8D8AC11E28FAE000C42CB1 /* UserItemCell.xib in Resources */ = {isa = PBXBuildFile; fileRef = AE8D8ABA1E28FAE000C42CB1 /* UserItemCell.xib */; };
		AE8D8AC71E291BA200C42CB1 /* LoadingFooterView.swift in Sources */ = {isa = PBXBuildFile; fileRef = AE8D8AC51E291BA200C42CB1 /* LoadingFooterView.swift */; };
		AE8D8AC81E291BA200C42CB1 /* LoadingFooterView.xib in Resources */ = {isa = PBXBuildFile; fileRef = AE8D8AC61E291BA200C42CB1 /* LoadingFooterView.xib */; };
		AE9E8E4F1E2D06F000009A1E /* LoadErrorAutomaticViewController.swift in Sources */ = {isa = PBXBuildFile; fileRef = AE9E8E4E1E2D06F000009A1E /* LoadErrorAutomaticViewController.swift */; };
		AED3D3B51E2CB8B00008FFD8 /* CustomLayoutViewController.swift in Sources */ = {isa = PBXBuildFile; fileRef = AED3D3B41E2CB8B00008FFD8 /* CustomLayoutViewController.swift */; };
		AED3D3B71E2CB8CC0008FFD8 /* ClassicViewController.swift in Sources */ = {isa = PBXBuildFile; fileRef = AED3D3B61E2CB8CC0008FFD8 /* ClassicViewController.swift */; };
		AED3D3B91E2CB8DB0008FFD8 /* ManualModeViewController.swift in Sources */ = {isa = PBXBuildFile; fileRef = AED3D3B81E2CB8DB0008FFD8 /* ManualModeViewController.swift */; };
		AED3D3BB1E2CB8F00008FFD8 /* LoadingErrorManualViewController.swift in Sources */ = {isa = PBXBuildFile; fileRef = AED3D3BA1E2CB8F00008FFD8 /* LoadingErrorManualViewController.swift */; };
		AED3D3BD1E2CB90C0008FFD8 /* MultipleSectionsViewController.swift in Sources */ = {isa = PBXBuildFile; fileRef = AED3D3BC1E2CB90C0008FFD8 /* MultipleSectionsViewController.swift */; };
		AED3D3C01E2CB9A70008FFD8 /* RawViewController.swift in Sources */ = {isa = PBXBuildFile; fileRef = AED3D3BF1E2CB9A70008FFD8 /* RawViewController.swift */; };
/* End PBXBuildFile section */

/* Begin PBXCopyFilesBuildPhase section */
		A30D640C1E0D71CB00A3CE45 /* Embed Frameworks */ = {
			isa = PBXCopyFilesBuildPhase;
			buildActionMask = 2147483647;
			dstPath = "";
			dstSubfolderSpec = 10;
			files = (
				A30D640B1E0D71CB00A3CE45 /* DGPaginableBehavior.framework in Embed Frameworks */,
			);
			name = "Embed Frameworks";
			runOnlyForDeploymentPostprocessing = 0;
		};
/* End PBXCopyFilesBuildPhase section */

/* Begin PBXFileReference section */
		41547DC2F02F11F432F03CBF /* Pods-DGPaginableBehaviorSample-DGPaginableBehaviorSample-iOS.release.xcconfig */ = {isa = PBXFileReference; includeInIndex = 1; lastKnownFileType = text.xcconfig; name = "Pods-DGPaginableBehaviorSample-DGPaginableBehaviorSample-iOS.release.xcconfig"; path = "../../Pods/Target Support Files/Pods-DGPaginableBehaviorSample-DGPaginableBehaviorSample-iOS/Pods-DGPaginableBehaviorSample-DGPaginableBehaviorSample-iOS.release.xcconfig"; sourceTree = "<group>"; };
		437CB24F88DE489FD8141488 /* Pods-Samples-DGPaginableBehaviorSample-iOS.release.xcconfig */ = {isa = PBXFileReference; includeInIndex = 1; lastKnownFileType = text.xcconfig; name = "Pods-Samples-DGPaginableBehaviorSample-iOS.release.xcconfig"; path = "../../Pods/Target Support Files/Pods-Samples-DGPaginableBehaviorSample-iOS/Pods-Samples-DGPaginableBehaviorSample-iOS.release.xcconfig"; sourceTree = "<group>"; };
		444C2E3A94BE72ECE95421F5 /* Pods-Samples-DGPaginableBehaviorSample-iOS.debug.xcconfig */ = {isa = PBXFileReference; includeInIndex = 1; lastKnownFileType = text.xcconfig; name = "Pods-Samples-DGPaginableBehaviorSample-iOS.debug.xcconfig"; path = "../../Pods/Target Support Files/Pods-Samples-DGPaginableBehaviorSample-iOS/Pods-Samples-DGPaginableBehaviorSample-iOS.debug.xcconfig"; sourceTree = "<group>"; };
		465646586A414E17162D185D /* Pods-DGPaginableBehaviorSample-DGPaginableBehaviorSample-iOS.debug.xcconfig */ = {isa = PBXFileReference; includeInIndex = 1; lastKnownFileType = text.xcconfig; name = "Pods-DGPaginableBehaviorSample-DGPaginableBehaviorSample-iOS.debug.xcconfig"; path = "../../Pods/Target Support Files/Pods-DGPaginableBehaviorSample-DGPaginableBehaviorSample-iOS/Pods-DGPaginableBehaviorSample-DGPaginableBehaviorSample-iOS.debug.xcconfig"; sourceTree = "<group>"; };
		846FE99F4361DD69C14E72CB /* Pods_DGPaginableBehaviorSample_DGPaginableBehaviorSample_iOS.framework */ = {isa = PBXFileReference; explicitFileType = wrapper.framework; includeInIndex = 0; path = Pods_DGPaginableBehaviorSample_DGPaginableBehaviorSample_iOS.framework; sourceTree = BUILT_PRODUCTS_DIR; };
		8971F06C0506E7C4223846C3 /* Pods_Samples_DGPaginableBehaviorSample_iOS.framework */ = {isa = PBXFileReference; explicitFileType = wrapper.framework; includeInIndex = 0; path = Pods_Samples_DGPaginableBehaviorSample_iOS.framework; sourceTree = BUILT_PRODUCTS_DIR; };
		A30D63EE1E0D717E00A3CE45 /* DGPaginableBehaviorSample-iOS.app */ = {isa = PBXFileReference; explicitFileType = wrapper.application; includeInIndex = 0; path = "DGPaginableBehaviorSample-iOS.app"; sourceTree = BUILT_PRODUCTS_DIR; };
		A30D63F11E0D717E00A3CE45 /* AppDelegate.swift */ = {isa = PBXFileReference; lastKnownFileType = sourcecode.swift; path = AppDelegate.swift; sourceTree = "<group>"; };
		A30D63F81E0D717E00A3CE45 /* Assets.xcassets */ = {isa = PBXFileReference; lastKnownFileType = folder.assetcatalog; path = Assets.xcassets; sourceTree = "<group>"; };
		A30D63FB1E0D717E00A3CE45 /* Base */ = {isa = PBXFileReference; lastKnownFileType = file.storyboard; name = Base; path = Base.lproj/LaunchScreen.storyboard; sourceTree = "<group>"; };
		A30D63FD1E0D717E00A3CE45 /* Info.plist */ = {isa = PBXFileReference; lastKnownFileType = text.plist.xml; path = Info.plist; sourceTree = "<group>"; };
		A30D64091E0D71CB00A3CE45 /* DGPaginableBehavior.framework */ = {isa = PBXFileReference; explicitFileType = wrapper.framework; path = DGPaginableBehavior.framework; sourceTree = BUILT_PRODUCTS_DIR; };
		A30D640D1E0D73B300A3CE45 /* OriginalViewController.swift */ = {isa = PBXFileReference; fileEncoding = 4; lastKnownFileType = sourcecode.swift; path = OriginalViewController.swift; sourceTree = "<group>"; };
		AE6381661E29398E00EC53A4 /* Main.storyboard */ = {isa = PBXFileReference; fileEncoding = 4; lastKnownFileType = file.storyboard; path = Main.storyboard; sourceTree = "<group>"; };
		AE8D8AB41E28FAE000C42CB1 /* ReusableView.xib */ = {isa = PBXFileReference; fileEncoding = 4; lastKnownFileType = file.xib; path = ReusableView.xib; sourceTree = "<group>"; };
		AE8D8AB51E28FAE000C42CB1 /* LoadingItemCell.swift */ = {isa = PBXFileReference; fileEncoding = 4; lastKnownFileType = sourcecode.swift; path = LoadingItemCell.swift; sourceTree = "<group>"; };
		AE8D8AB61E28FAE000C42CB1 /* LoadingItemCell.xib */ = {isa = PBXFileReference; fileEncoding = 4; lastKnownFileType = file.xib; path = LoadingItemCell.xib; sourceTree = "<group>"; };
		AE8D8AB71E28FAE000C42CB1 /* ReusableView.swift */ = {isa = PBXFileReference; fileEncoding = 4; lastKnownFileType = sourcecode.swift; path = ReusableView.swift; sourceTree = "<group>"; };
		AE8D8AB81E28FAE000C42CB1 /* User.swift */ = {isa = PBXFileReference; fileEncoding = 4; lastKnownFileType = sourcecode.swift; path = User.swift; sourceTree = "<group>"; };
		AE8D8AB91E28FAE000C42CB1 /* UserItemCell.swift */ = {isa = PBXFileReference; fileEncoding = 4; lastKnownFileType = sourcecode.swift; path = UserItemCell.swift; sourceTree = "<group>"; };
		AE8D8ABA1E28FAE000C42CB1 /* UserItemCell.xib */ = {isa = PBXFileReference; fileEncoding = 4; lastKnownFileType = file.xib; path = UserItemCell.xib; sourceTree = "<group>"; };
		AE8D8AC51E291BA200C42CB1 /* LoadingFooterView.swift */ = {isa = PBXFileReference; fileEncoding = 4; lastKnownFileType = sourcecode.swift; path = LoadingFooterView.swift; sourceTree = "<group>"; };
		AE8D8AC61E291BA200C42CB1 /* LoadingFooterView.xib */ = {isa = PBXFileReference; fileEncoding = 4; lastKnownFileType = file.xib; path = LoadingFooterView.xib; sourceTree = "<group>"; };
		AE9E8E4E1E2D06F000009A1E /* LoadErrorAutomaticViewController.swift */ = {isa = PBXFileReference; fileEncoding = 4; lastKnownFileType = sourcecode.swift; path = LoadErrorAutomaticViewController.swift; sourceTree = "<group>"; };
		AED3D3B41E2CB8B00008FFD8 /* CustomLayoutViewController.swift */ = {isa = PBXFileReference; fileEncoding = 4; lastKnownFileType = sourcecode.swift; path = CustomLayoutViewController.swift; sourceTree = "<group>"; };
		AED3D3B61E2CB8CC0008FFD8 /* ClassicViewController.swift */ = {isa = PBXFileReference; fileEncoding = 4; lastKnownFileType = sourcecode.swift; path = ClassicViewController.swift; sourceTree = "<group>"; };
		AED3D3B81E2CB8DB0008FFD8 /* ManualModeViewController.swift */ = {isa = PBXFileReference; fileEncoding = 4; lastKnownFileType = sourcecode.swift; path = ManualModeViewController.swift; sourceTree = "<group>"; };
		AED3D3BA1E2CB8F00008FFD8 /* LoadingErrorManualViewController.swift */ = {isa = PBXFileReference; fileEncoding = 4; lastKnownFileType = sourcecode.swift; path = LoadingErrorManualViewController.swift; sourceTree = "<group>"; };
		AED3D3BC1E2CB90C0008FFD8 /* MultipleSectionsViewController.swift */ = {isa = PBXFileReference; fileEncoding = 4; lastKnownFileType = sourcecode.swift; path = MultipleSectionsViewController.swift; sourceTree = "<group>"; };
		AED3D3BF1E2CB9A70008FFD8 /* RawViewController.swift */ = {isa = PBXFileReference; fileEncoding = 4; lastKnownFileType = sourcecode.swift; path = RawViewController.swift; sourceTree = "<group>"; };
/* End PBXFileReference section */

/* Begin PBXFrameworksBuildPhase section */
		A30D63EB1E0D717E00A3CE45 /* Frameworks */ = {
			isa = PBXFrameworksBuildPhase;
			buildActionMask = 2147483647;
			files = (
				A30D640A1E0D71CB00A3CE45 /* DGPaginableBehavior.framework in Frameworks */,
				4BC6868BA8832E8A083E9ECE /* Pods_Samples_DGPaginableBehaviorSample_iOS.framework in Frameworks */,
			);
			runOnlyForDeploymentPostprocessing = 0;
		};
/* End PBXFrameworksBuildPhase section */

/* Begin PBXGroup section */
		A30D63E51E0D717E00A3CE45 = {
			isa = PBXGroup;
			children = (
				A30D63F01E0D717E00A3CE45 /* DGPaginableBehaviorSample-iOS */,
				A30D64111E0D745C00A3CE45 /* Frameworks */,
				A30D63EF1E0D717E00A3CE45 /* Products */,
				B8FF5AA30A09A2E69BAC9EB0 /* Pods */,
			);
			sourceTree = "<group>";
		};
		A30D63EF1E0D717E00A3CE45 /* Products */ = {
			isa = PBXGroup;
			children = (
				A30D63EE1E0D717E00A3CE45 /* DGPaginableBehaviorSample-iOS.app */,
			);
			name = Products;
			sourceTree = "<group>";
		};
		A30D63F01E0D717E00A3CE45 /* DGPaginableBehaviorSample-iOS */ = {
			isa = PBXGroup;
			children = (
				AE8D8AC41E28FB0F00C42CB1 /* Controllers */,
				AE8D8AC31E28FAF100C42CB1 /* Models */,
				AE8D8AC21E28FAE700C42CB1 /* Components */,
				A30D63F11E0D717E00A3CE45 /* AppDelegate.swift */,
				A30D63F81E0D717E00A3CE45 /* Assets.xcassets */,
				AE6381661E29398E00EC53A4 /* Main.storyboard */,
				A30D63FA1E0D717E00A3CE45 /* LaunchScreen.storyboard */,
				A30D63FD1E0D717E00A3CE45 /* Info.plist */,
			);
			path = "DGPaginableBehaviorSample-iOS";
			sourceTree = "<group>";
		};
		A30D64111E0D745C00A3CE45 /* Frameworks */ = {
			isa = PBXGroup;
			children = (
				A30D64091E0D71CB00A3CE45 /* DGPaginableBehavior.framework */,
				846FE99F4361DD69C14E72CB /* Pods_DGPaginableBehaviorSample_DGPaginableBehaviorSample_iOS.framework */,
				8971F06C0506E7C4223846C3 /* Pods_Samples_DGPaginableBehaviorSample_iOS.framework */,
			);
			name = Frameworks;
			sourceTree = "<group>";
		};
		AE6381681E293A9700EC53A4 /* MultipleSections */ = {
			isa = PBXGroup;
			children = (
				AED3D3BC1E2CB90C0008FFD8 /* MultipleSectionsViewController.swift */,
			);
			name = MultipleSections;
			sourceTree = "<group>";
		};
		AE6381691E293AA400EC53A4 /* LoadingError */ = {
			isa = PBXGroup;
			children = (
				AE9E8E4D1E2D06CB00009A1E /* automatic */,
				AE9E8E4C1E2D06C600009A1E /* manual */,
			);
			name = LoadingError;
			sourceTree = "<group>";
		};
		AE63816A1E293AEF00EC53A4 /* ManualMode */ = {
			isa = PBXGroup;
			children = (
				AED3D3B81E2CB8DB0008FFD8 /* ManualModeViewController.swift */,
			);
			name = ManualMode;
			sourceTree = "<group>";
		};
		AE63816B1E293B0F00EC53A4 /* Classic */ = {
			isa = PBXGroup;
			children = (
				AED3D3B61E2CB8CC0008FFD8 /* ClassicViewController.swift */,
			);
			name = Classic;
			sourceTree = "<group>";
		};
		AE63816C1E293B1A00EC53A4 /* CustomLayout */ = {
			isa = PBXGroup;
			children = (
				AED3D3B41E2CB8B00008FFD8 /* CustomLayoutViewController.swift */,
			);
			name = CustomLayout;
			sourceTree = "<group>";
		};
		AE8D8AC21E28FAE700C42CB1 /* Components */ = {
			isa = PBXGroup;
			children = (
				AE8D8AC51E291BA200C42CB1 /* LoadingFooterView.swift */,
				AE8D8AC61E291BA200C42CB1 /* LoadingFooterView.xib */,
				AE8D8AB51E28FAE000C42CB1 /* LoadingItemCell.swift */,
				AE8D8AB61E28FAE000C42CB1 /* LoadingItemCell.xib */,
				AE8D8AB71E28FAE000C42CB1 /* ReusableView.swift */,
				AE8D8AB41E28FAE000C42CB1 /* ReusableView.xib */,
				AE8D8AB91E28FAE000C42CB1 /* UserItemCell.swift */,
				AE8D8ABA1E28FAE000C42CB1 /* UserItemCell.xib */,
			);
			name = Components;
			sourceTree = "<group>";
		};
		AE8D8AC31E28FAF100C42CB1 /* Models */ = {
			isa = PBXGroup;
			children = (
				AE8D8AB81E28FAE000C42CB1 /* User.swift */,
			);
			name = Models;
			sourceTree = "<group>";
		};
		AE8D8AC41E28FB0F00C42CB1 /* Controllers */ = {
			isa = PBXGroup;
			children = (
				AE63816B1E293B0F00EC53A4 /* Classic */,
				AE63816C1E293B1A00EC53A4 /* CustomLayout */,
				AE6381691E293AA400EC53A4 /* LoadingError */,
				AE63816A1E293AEF00EC53A4 /* ManualMode */,
				AE6381681E293A9700EC53A4 /* MultipleSections */,
				AED3D3BE1E2CB96D0008FFD8 /* Raw */,
				A30D640D1E0D73B300A3CE45 /* OriginalViewController.swift */,
			);
			name = Controllers;
			sourceTree = "<group>";
		};
		AE9E8E4C1E2D06C600009A1E /* manual */ = {
			isa = PBXGroup;
			children = (
				AED3D3BA1E2CB8F00008FFD8 /* LoadingErrorManualViewController.swift */,
			);
			name = manual;
			sourceTree = "<group>";
		};
		AE9E8E4D1E2D06CB00009A1E /* automatic */ = {
			isa = PBXGroup;
			children = (
				AE9E8E4E1E2D06F000009A1E /* LoadErrorAutomaticViewController.swift */,
			);
			name = automatic;
			sourceTree = "<group>";
		};
		AED3D3BE1E2CB96D0008FFD8 /* Raw */ = {
			isa = PBXGroup;
			children = (
				AED3D3BF1E2CB9A70008FFD8 /* RawViewController.swift */,
			);
			name = Raw;
			sourceTree = "<group>";
		};
		B8FF5AA30A09A2E69BAC9EB0 /* Pods */ = {
			isa = PBXGroup;
			children = (
				465646586A414E17162D185D /* Pods-DGPaginableBehaviorSample-DGPaginableBehaviorSample-iOS.debug.xcconfig */,
				41547DC2F02F11F432F03CBF /* Pods-DGPaginableBehaviorSample-DGPaginableBehaviorSample-iOS.release.xcconfig */,
				444C2E3A94BE72ECE95421F5 /* Pods-Samples-DGPaginableBehaviorSample-iOS.debug.xcconfig */,
				437CB24F88DE489FD8141488 /* Pods-Samples-DGPaginableBehaviorSample-iOS.release.xcconfig */,
			);
			name = Pods;
			sourceTree = "<group>";
		};
/* End PBXGroup section */

/* Begin PBXNativeTarget section */
		A30D63ED1E0D717E00A3CE45 /* DGPaginableBehaviorSample-iOS */ = {
			isa = PBXNativeTarget;
			buildConfigurationList = A30D64001E0D717E00A3CE45 /* Build configuration list for PBXNativeTarget "DGPaginableBehaviorSample-iOS" */;
			buildPhases = (
				986B8F2F5A04B5574D6124D9 /* [CP] Check Pods Manifest.lock */,
				A30D63EA1E0D717E00A3CE45 /* Sources */,
				A30D63EB1E0D717E00A3CE45 /* Frameworks */,
				A30D63EC1E0D717E00A3CE45 /* Resources */,
				A30D640C1E0D71CB00A3CE45 /* Embed Frameworks */,
				761B88D2861272099C580E2F /* [CP] Embed Pods Frameworks */,
				76DBEC950C1A9D8FAF847D21 /* [CP] Copy Pods Resources */,
			);
			buildRules = (
			);
			dependencies = (
			);
			name = "DGPaginableBehaviorSample-iOS";
			productName = "DGPaginableBehaviorSample-iOS";
			productReference = A30D63EE1E0D717E00A3CE45 /* DGPaginableBehaviorSample-iOS.app */;
			productType = "com.apple.product-type.application";
		};
/* End PBXNativeTarget section */

/* Begin PBXProject section */
		A30D63E61E0D717E00A3CE45 /* Project object */ = {
			isa = PBXProject;
			attributes = {
				LastSwiftUpdateCheck = 0820;
				LastUpgradeCheck = 0820;
				ORGANIZATIONNAME = Digipolitan;
				TargetAttributes = {
					A30D63ED1E0D717E00A3CE45 = {
						CreatedOnToolsVersion = 8.2.1;
						DevelopmentTeam = 582762VK3P;
						ProvisioningStyle = Automatic;
					};
				};
			};
			buildConfigurationList = A30D63E91E0D717E00A3CE45 /* Build configuration list for PBXProject "DGPaginableBehaviorSample-iOS" */;
			compatibilityVersion = "Xcode 3.2";
			developmentRegion = English;
			hasScannedForEncodings = 0;
			knownRegions = (
				en,
				Base,
			);
			mainGroup = A30D63E51E0D717E00A3CE45;
			productRefGroup = A30D63EF1E0D717E00A3CE45 /* Products */;
			projectDirPath = "";
			projectRoot = "";
			targets = (
				A30D63ED1E0D717E00A3CE45 /* DGPaginableBehaviorSample-iOS */,
			);
		};
/* End PBXProject section */

/* Begin PBXResourcesBuildPhase section */
		A30D63EC1E0D717E00A3CE45 /* Resources */ = {
			isa = PBXResourcesBuildPhase;
			buildActionMask = 2147483647;
			files = (
				A30D63FC1E0D717E00A3CE45 /* LaunchScreen.storyboard in Resources */,
				AE8D8ABD1E28FAE000C42CB1 /* LoadingItemCell.xib in Resources */,
				AE6381671E29398E00EC53A4 /* Main.storyboard in Resources */,
				AE8D8AC11E28FAE000C42CB1 /* UserItemCell.xib in Resources */,
				AE8D8ABB1E28FAE000C42CB1 /* ReusableView.xib in Resources */,
				A30D63F91E0D717E00A3CE45 /* Assets.xcassets in Resources */,
				AE8D8AC81E291BA200C42CB1 /* LoadingFooterView.xib in Resources */,
			);
			runOnlyForDeploymentPostprocessing = 0;
		};
/* End PBXResourcesBuildPhase section */

/* Begin PBXShellScriptBuildPhase section */
		761B88D2861272099C580E2F /* [CP] Embed Pods Frameworks */ = {
			isa = PBXShellScriptBuildPhase;
			buildActionMask = 2147483647;
			files = (
			);
			inputPaths = (
			);
			name = "[CP] Embed Pods Frameworks";
			outputPaths = (
			);
			runOnlyForDeploymentPostprocessing = 0;
			shellPath = /bin/sh;
			shellScript = "\"${SRCROOT}/../../Pods/Target Support Files/Pods-Samples-DGPaginableBehaviorSample-iOS/Pods-Samples-DGPaginableBehaviorSample-iOS-frameworks.sh\"\n";
			showEnvVarsInLog = 0;
		};
		76DBEC950C1A9D8FAF847D21 /* [CP] Copy Pods Resources */ = {
			isa = PBXShellScriptBuildPhase;
			buildActionMask = 2147483647;
			files = (
			);
			inputPaths = (
			);
			name = "[CP] Copy Pods Resources";
			outputPaths = (
			);
			runOnlyForDeploymentPostprocessing = 0;
			shellPath = /bin/sh;
			shellScript = "\"${SRCROOT}/../../Pods/Target Support Files/Pods-Samples-DGPaginableBehaviorSample-iOS/Pods-Samples-DGPaginableBehaviorSample-iOS-resources.sh\"\n";
			showEnvVarsInLog = 0;
		};
		986B8F2F5A04B5574D6124D9 /* [CP] Check Pods Manifest.lock */ = {
			isa = PBXShellScriptBuildPhase;
			buildActionMask = 2147483647;
			files = (
			);
			inputPaths = (
			);
			name = "[CP] Check Pods Manifest.lock";
			outputPaths = (
			);
			runOnlyForDeploymentPostprocessing = 0;
			shellPath = /bin/sh;
			shellScript = "diff \"${PODS_ROOT}/../Podfile.lock\" \"${PODS_ROOT}/Manifest.lock\" > /dev/null\nif [ $? != 0 ] ; then\n    # print error to STDERR\n    echo \"error: The sandbox is not in sync with the Podfile.lock. Run 'pod install' or update your CocoaPods installation.\" >&2\n    exit 1\nfi\n";
			showEnvVarsInLog = 0;
		};
/* End PBXShellScriptBuildPhase section */

/* Begin PBXSourcesBuildPhase section */
		A30D63EA1E0D717E00A3CE45 /* Sources */ = {
			isa = PBXSourcesBuildPhase;
			buildActionMask = 2147483647;
			files = (
				AED3D3B71E2CB8CC0008FFD8 /* ClassicViewController.swift in Sources */,
				AED3D3B91E2CB8DB0008FFD8 /* ManualModeViewController.swift in Sources */,
				AE8D8AC71E291BA200C42CB1 /* LoadingFooterView.swift in Sources */,
				AE8D8ABC1E28FAE000C42CB1 /* LoadingItemCell.swift in Sources */,
				AED3D3BB1E2CB8F00008FFD8 /* LoadingErrorManualViewController.swift in Sources */,
				AED3D3C01E2CB9A70008FFD8 /* RawViewController.swift in Sources */,
				AE8D8AC01E28FAE000C42CB1 /* UserItemCell.swift in Sources */,
				AE9E8E4F1E2D06F000009A1E /* LoadErrorAutomaticViewController.swift in Sources */,
				AED3D3BD1E2CB90C0008FFD8 /* MultipleSectionsViewController.swift in Sources */,
				A30D640F1E0D73B300A3CE45 /* OriginalViewController.swift in Sources */,
				AE8D8ABE1E28FAE000C42CB1 /* ReusableView.swift in Sources */,
				AE8D8ABF1E28FAE000C42CB1 /* User.swift in Sources */,
				AED3D3B51E2CB8B00008FFD8 /* CustomLayoutViewController.swift in Sources */,
				A30D63F21E0D717E00A3CE45 /* AppDelegate.swift in Sources */,
			);
			runOnlyForDeploymentPostprocessing = 0;
		};
/* End PBXSourcesBuildPhase section */

/* Begin PBXVariantGroup section */
		A30D63FA1E0D717E00A3CE45 /* LaunchScreen.storyboard */ = {
			isa = PBXVariantGroup;
			children = (
				A30D63FB1E0D717E00A3CE45 /* Base */,
			);
			name = LaunchScreen.storyboard;
			sourceTree = "<group>";
		};
/* End PBXVariantGroup section */

/* Begin XCBuildConfiguration section */
		A30D63FE1E0D717E00A3CE45 /* Debug */ = {
			isa = XCBuildConfiguration;
			buildSettings = {
				ALWAYS_SEARCH_USER_PATHS = NO;
				CLANG_ANALYZER_NONNULL = YES;
				CLANG_CXX_LANGUAGE_STANDARD = "gnu++0x";
				CLANG_CXX_LIBRARY = "libc++";
				CLANG_ENABLE_MODULES = YES;
				CLANG_ENABLE_OBJC_ARC = YES;
				CLANG_WARN_BOOL_CONVERSION = YES;
				CLANG_WARN_CONSTANT_CONVERSION = YES;
				CLANG_WARN_DIRECT_OBJC_ISA_USAGE = YES_ERROR;
				CLANG_WARN_DOCUMENTATION_COMMENTS = YES;
				CLANG_WARN_EMPTY_BODY = YES;
				CLANG_WARN_ENUM_CONVERSION = YES;
				CLANG_WARN_INFINITE_RECURSION = YES;
				CLANG_WARN_INT_CONVERSION = YES;
				CLANG_WARN_OBJC_ROOT_CLASS = YES_ERROR;
				CLANG_WARN_SUSPICIOUS_MOVE = YES;
				CLANG_WARN_UNREACHABLE_CODE = YES;
				CLANG_WARN__DUPLICATE_METHOD_MATCH = YES;
				"CODE_SIGN_IDENTITY[sdk=iphoneos*]" = "iPhone Developer";
				COPY_PHASE_STRIP = NO;
				CURRENT_PROJECT_VERSION = 1;
				DEBUG_INFORMATION_FORMAT = dwarf;
				ENABLE_STRICT_OBJC_MSGSEND = YES;
				ENABLE_TESTABILITY = YES;
				GCC_C_LANGUAGE_STANDARD = gnu99;
				GCC_DYNAMIC_NO_PIC = NO;
				GCC_NO_COMMON_BLOCKS = YES;
				GCC_OPTIMIZATION_LEVEL = 0;
				GCC_PREPROCESSOR_DEFINITIONS = (
					"DEBUG=1",
					"$(inherited)",
				);
				GCC_WARN_64_TO_32_BIT_CONVERSION = YES;
				GCC_WARN_ABOUT_RETURN_TYPE = YES_ERROR;
				GCC_WARN_UNDECLARED_SELECTOR = YES;
				GCC_WARN_UNINITIALIZED_AUTOS = YES_AGGRESSIVE;
				GCC_WARN_UNUSED_FUNCTION = YES;
				GCC_WARN_UNUSED_VARIABLE = YES;
				IPHONEOS_DEPLOYMENT_TARGET = 10.2;
				MTL_ENABLE_DEBUG_INFO = YES;
				ONLY_ACTIVE_ARCH = YES;
				SDKROOT = iphoneos;
				SWIFT_ACTIVE_COMPILATION_CONDITIONS = DEBUG;
				SWIFT_OPTIMIZATION_LEVEL = "-Onone";
				VERSIONING_SYSTEM = "apple-generic";
			};
			name = Debug;
		};
		A30D63FF1E0D717E00A3CE45 /* Release */ = {
			isa = XCBuildConfiguration;
			buildSettings = {
				ALWAYS_SEARCH_USER_PATHS = NO;
				CLANG_ANALYZER_NONNULL = YES;
				CLANG_CXX_LANGUAGE_STANDARD = "gnu++0x";
				CLANG_CXX_LIBRARY = "libc++";
				CLANG_ENABLE_MODULES = YES;
				CLANG_ENABLE_OBJC_ARC = YES;
				CLANG_WARN_BOOL_CONVERSION = YES;
				CLANG_WARN_CONSTANT_CONVERSION = YES;
				CLANG_WARN_DIRECT_OBJC_ISA_USAGE = YES_ERROR;
				CLANG_WARN_DOCUMENTATION_COMMENTS = YES;
				CLANG_WARN_EMPTY_BODY = YES;
				CLANG_WARN_ENUM_CONVERSION = YES;
				CLANG_WARN_INFINITE_RECURSION = YES;
				CLANG_WARN_INT_CONVERSION = YES;
				CLANG_WARN_OBJC_ROOT_CLASS = YES_ERROR;
				CLANG_WARN_SUSPICIOUS_MOVE = YES;
				CLANG_WARN_UNREACHABLE_CODE = YES;
				CLANG_WARN__DUPLICATE_METHOD_MATCH = YES;
				"CODE_SIGN_IDENTITY[sdk=iphoneos*]" = "iPhone Developer";
				COPY_PHASE_STRIP = NO;
				CURRENT_PROJECT_VERSION = 1;
				DEBUG_INFORMATION_FORMAT = "dwarf-with-dsym";
				ENABLE_NS_ASSERTIONS = NO;
				ENABLE_STRICT_OBJC_MSGSEND = YES;
				GCC_C_LANGUAGE_STANDARD = gnu99;
				GCC_NO_COMMON_BLOCKS = YES;
				GCC_WARN_64_TO_32_BIT_CONVERSION = YES;
				GCC_WARN_ABOUT_RETURN_TYPE = YES_ERROR;
				GCC_WARN_UNDECLARED_SELECTOR = YES;
				GCC_WARN_UNINITIALIZED_AUTOS = YES_AGGRESSIVE;
				GCC_WARN_UNUSED_FUNCTION = YES;
				GCC_WARN_UNUSED_VARIABLE = YES;
				IPHONEOS_DEPLOYMENT_TARGET = 10.2;
				MTL_ENABLE_DEBUG_INFO = NO;
				SDKROOT = iphoneos;
				SWIFT_OPTIMIZATION_LEVEL = "-Owholemodule";
				VALIDATE_PRODUCT = YES;
				VERSIONING_SYSTEM = "apple-generic";
			};
			name = Release;
		};
		A30D64011E0D717E00A3CE45 /* Debug */ = {
			isa = XCBuildConfiguration;
			baseConfigurationReference = 444C2E3A94BE72ECE95421F5 /* Pods-Samples-DGPaginableBehaviorSample-iOS.debug.xcconfig */;
			buildSettings = {
				ALWAYS_EMBED_SWIFT_STANDARD_LIBRARIES = YES;
				ASSETCATALOG_COMPILER_APPICON_NAME = AppIcon;
				DEVELOPMENT_TEAM = 582762VK3P;
				INFOPLIST_FILE = "DGPaginableBehaviorSample-iOS/Info.plist";
				IPHONEOS_DEPLOYMENT_TARGET = 8.0;
				LD_RUNPATH_SEARCH_PATHS = "$(inherited) @executable_path/Frameworks";
				PRODUCT_BUNDLE_IDENTIFIER = "com.digipolitan.DGPaginableBehaviorSample-iOS";
				PRODUCT_NAME = "$(TARGET_NAME)";
				SWIFT_VERSION = 3.0;
			};
			name = Debug;
		};
		A30D64021E0D717E00A3CE45 /* Release */ = {
			isa = XCBuildConfiguration;
			baseConfigurationReference = 437CB24F88DE489FD8141488 /* Pods-Samples-DGPaginableBehaviorSample-iOS.release.xcconfig */;
			buildSettings = {
				ALWAYS_EMBED_SWIFT_STANDARD_LIBRARIES = YES;
				ASSETCATALOG_COMPILER_APPICON_NAME = AppIcon;
				DEVELOPMENT_TEAM = 582762VK3P;
				INFOPLIST_FILE = "DGPaginableBehaviorSample-iOS/Info.plist";
				IPHONEOS_DEPLOYMENT_TARGET = 8.0;
				LD_RUNPATH_SEARCH_PATHS = "$(inherited) @executable_path/Frameworks";
				PRODUCT_BUNDLE_IDENTIFIER = "com.digipolitan.DGPaginableBehaviorSample-iOS";
				PRODUCT_NAME = "$(TARGET_NAME)";
				SWIFT_VERSION = 3.0;
			};
			name = Release;
		};
/* End XCBuildConfiguration section */

/* Begin XCConfigurationList section */
		A30D63E91E0D717E00A3CE45 /* Build configuration list for PBXProject "DGPaginableBehaviorSample-iOS" */ = {
			isa = XCConfigurationList;
			buildConfigurations = (
				A30D63FE1E0D717E00A3CE45 /* Debug */,
				A30D63FF1E0D717E00A3CE45 /* Release */,
			);
			defaultConfigurationIsVisible = 0;
			defaultConfigurationName = Release;
		};
		A30D64001E0D717E00A3CE45 /* Build configuration list for PBXNativeTarget "DGPaginableBehaviorSample-iOS" */ = {
			isa = XCConfigurationList;
			buildConfigurations = (
				A30D64011E0D717E00A3CE45 /* Debug */,
				A30D64021E0D717E00A3CE45 /* Release */,
			);
			defaultConfigurationIsVisible = 0;
			defaultConfigurationName = Release;
		};
/* End XCConfigurationList section */
	};
	rootObject = A30D63E61E0D717E00A3CE45 /* Project object */;
}
